{
  "name": "Contragest",
  "lockfileVersion": 3,
  "requires": true,
  "packages": {
    "": {
      "devDependencies": {
        "agentation": "^2.3.0"
      }
    },
    "node_modules/agentation": {
      "version": "2.3.0",
      "resolved": "https://registry.npmjs.org/agentation/-/agentation-2.3.0.tgz",
      "integrity": "sha512-uGcDel78I5UAVSiWnsNv0pHj+ieuHyZ4GCsL6kqEralKeIW32869JlwfsKoy5S71jseyrI6O5duU+AacJs+CmQ==",
      "dev": true,
      "license": "PolyForm-Shield-1.0.0",
      "peerDependencies": {
        "react": ">=18.0.0",
        "react-dom": ">=18.0.0"
      },
      "peerDependenciesMeta": {
        "react": {
          "optional": true
        },
        "react-dom": {
          "optional": true
        }
      }
    }
  }
}
